// !$*UTF8*$!
{
	archiveVersion = 1;
	classes = {
	};
	objectVersion = 46;
	objects = {

/* Begin PBXBuildFile section */
		2F8B7C0318F5D31C00AA289C /* contrib in Resources */ = {isa = PBXBuildFile; fileRef = 2F8B7C0218F5D31C00AA289C /* contrib */; };
		2FAA81F918F46D880052EA1A /* Foundation.framework in Frameworks */ = {isa = PBXBuildFile; fileRef = 2FAA81F818F46D880052EA1A /* Foundation.framework */; };
		2FAA81FB18F46D880052EA1A /* CoreGraphics.framework in Frameworks */ = {isa = PBXBuildFile; fileRef = 2FAA81FA18F46D880052EA1A /* CoreGraphics.framework */; };
		2FAA81FD18F46D880052EA1A /* UIKit.framework in Frameworks */ = {isa = PBXBuildFile; fileRef = 2FAA81FC18F46D880052EA1A /* UIKit.framework */; };
		2FAA820318F46D880052EA1A /* InfoPlist.strings in Resources */ = {isa = PBXBuildFile; fileRef = 2FAA820118F46D880052EA1A /* InfoPlist.strings */; };
		2FAA820518F46D880052EA1A /* main.m in Sources */ = {isa = PBXBuildFile; fileRef = 2FAA820418F46D880052EA1A /* main.m */; };
		2FAA820918F46D880052EA1A /* AppDelegate.m in Sources */ = {isa = PBXBuildFile; fileRef = 2FAA820818F46D880052EA1A /* AppDelegate.m */; };
		2FAA820C18F46D880052EA1A /* Main_iPhone.storyboard in Resources */ = {isa = PBXBuildFile; fileRef = 2FAA820A18F46D880052EA1A /* Main_iPhone.storyboard */; };
		2FAA820F18F46D880052EA1A /* Main_iPad.storyboard in Resources */ = {isa = PBXBuildFile; fileRef = 2FAA820D18F46D880052EA1A /* Main_iPad.storyboard */; };
		2FAA821218F46D880052EA1A /* ViewController.m in Sources */ = {isa = PBXBuildFile; fileRef = 2FAA821118F46D880052EA1A /* ViewController.m */; };
		2FAA821418F46D880052EA1A /* Images.xcassets in Resources */ = {isa = PBXBuildFile; fileRef = 2FAA821318F46D880052EA1A /* Images.xcassets */; };
		2FAA821B18F46D880052EA1A /* XCTest.framework in Frameworks */ = {isa = PBXBuildFile; fileRef = 2FAA821A18F46D880052EA1A /* XCTest.framework */; };
		2FAA821C18F46D880052EA1A /* Foundation.framework in Frameworks */ = {isa = PBXBuildFile; fileRef = 2FAA81F818F46D880052EA1A /* Foundation.framework */; };
		2FAA821D18F46D880052EA1A /* UIKit.framework in Frameworks */ = {isa = PBXBuildFile; fileRef = 2FAA81FC18F46D880052EA1A /* UIKit.framework */; };
		2FAA822518F46D880052EA1A /* InfoPlist.strings in Resources */ = {isa = PBXBuildFile; fileRef = 2FAA822318F46D880052EA1A /* InfoPlist.strings */; };
		2FAA822718F46D880052EA1A /* GroupVoIp_iOSClientTests.m in Sources */ = {isa = PBXBuildFile; fileRef = 2FAA822618F46D880052EA1A /* GroupVoIp_iOSClientTests.m */; };
		2FAA823118F479BE0052EA1A /* OpenGLES.framework in Frameworks */ = {isa = PBXBuildFile; fileRef = 2FAA823018F479BE0052EA1A /* OpenGLES.framework */; };
		2FAA823318F479CB0052EA1A /* QuartzCore.framework in Frameworks */ = {isa = PBXBuildFile; fileRef = 2FAA823218F479CB0052EA1A /* QuartzCore.framework */; };
		2FAA823718F47F270052EA1A /* AudioToolbox.framework in Frameworks */ = {isa = PBXBuildFile; fileRef = 2FAA823618F47F270052EA1A /* AudioToolbox.framework */; };
		2FAA823B18F47F4F0052EA1A /* CFNetwork.framework in Frameworks */ = {isa = PBXBuildFile; fileRef = 2FAA823A18F47F4F0052EA1A /* CFNetwork.framework */; };
		2FAA823D18F47FB80052EA1A /* libbz2.dylib in Frameworks */ = {isa = PBXBuildFile; fileRef = 2FAA823C18F47FB80052EA1A /* libbz2.dylib */; };
		2FAA823F18F47FC30052EA1A /* libiconv.dylib in Frameworks */ = {isa = PBXBuildFile; fileRef = 2FAA823E18F47FC30052EA1A /* libiconv.dylib */; };
		2FAA824118F47FD70052EA1A /* libstdc++.dylib in Frameworks */ = {isa = PBXBuildFile; fileRef = 2FAA824018F47FD70052EA1A /* libstdc++.dylib */; };
		2FAA824318F482020052EA1A /* CoreText.framework in Frameworks */ = {isa = PBXBuildFile; fileRef = 2FAA824218F482020052EA1A /* CoreText.framework */; };
		2FAA824518F482280052EA1A /* Security.framework in Frameworks */ = {isa = PBXBuildFile; fileRef = 2FAA824418F482280052EA1A /* Security.framework */; };
		2FAA824D18F4D1890052EA1A /* libMobileVLCKit.a in Frameworks */ = {isa = PBXBuildFile; fileRef = 2FAA824C18F4D13F0052EA1A /* libMobileVLCKit.a */; };
		2FAA825418F4D2DA0052EA1A /* include in Resources */ = {isa = PBXBuildFile; fileRef = 2FAA825018F4D2DA0052EA1A /* include */; };
		2FAA825518F4D2DA0052EA1A /* lib in Resources */ = {isa = PBXBuildFile; fileRef = 2FAA825118F4D2DA0052EA1A /* lib */; };
		2FAA825618F4D2DA0052EA1A /* modules in Resources */ = {isa = PBXBuildFile; fileRef = 2FAA825218F4D2DA0052EA1A /* modules */; };
		2FAA825718F4D2DA0052EA1A /* src in Resources */ = {isa = PBXBuildFile; fileRef = 2FAA825318F4D2DA0052EA1A /* src */; };
/* End PBXBuildFile section */

/* Begin PBXContainerItemProxy section */
		2FAA821E18F46D880052EA1A /* PBXContainerItemProxy */ = {
			isa = PBXContainerItemProxy;
			containerPortal = 2FAA81ED18F46D880052EA1A /* Project object */;
			proxyType = 1;
			remoteGlobalIDString = 2FAA81F418F46D880052EA1A;
			remoteInfo = GroupVoIp.iOSClient;
		};
		2FAA824B18F4D13F0052EA1A /* PBXContainerItemProxy */ = {
			isa = PBXContainerItemProxy;
			containerPortal = 2FAA824618F4D13F0052EA1A /* MobileVLCKit.xcodeproj */;
			proxyType = 2;
			remoteGlobalIDString = D2AAC07E0554694100DB518D;
			remoteInfo = MobileVLCKit;
		};
/* End PBXContainerItemProxy section */

/* Begin PBXFileReference section */
		2F8B7C0218F5D31C00AA289C /* contrib */ = {isa = PBXFileReference; lastKnownFileType = folder; name = contrib; path = "../../../../vlc-iOS/VLCKit/MobileVLCKit/ImportedSources/vlc/contrib"; sourceTree = "<group>"; };
		2FAA81F518F46D880052EA1A /* GroupVoIp.iOSClient.app */ = {isa = PBXFileReference; explicitFileType = wrapper.application; includeInIndex = 0; path = GroupVoIp.iOSClient.app; sourceTree = BUILT_PRODUCTS_DIR; };
		2FAA81F818F46D880052EA1A /* Foundation.framework */ = {isa = PBXFileReference; lastKnownFileType = wrapper.framework; name = Foundation.framework; path = System/Library/Frameworks/Foundation.framework; sourceTree = SDKROOT; };
		2FAA81FA18F46D880052EA1A /* CoreGraphics.framework */ = {isa = PBXFileReference; lastKnownFileType = wrapper.framework; name = CoreGraphics.framework; path = System/Library/Frameworks/CoreGraphics.framework; sourceTree = SDKROOT; };
		2FAA81FC18F46D880052EA1A /* UIKit.framework */ = {isa = PBXFileReference; lastKnownFileType = wrapper.framework; name = UIKit.framework; path = System/Library/Frameworks/UIKit.framework; sourceTree = SDKROOT; };
		2FAA820018F46D880052EA1A /* GroupVoIp.iOSClient-Info.plist */ = {isa = PBXFileReference; lastKnownFileType = text.plist.xml; path = "GroupVoIp.iOSClient-Info.plist"; sourceTree = "<group>"; };
		2FAA820218F46D880052EA1A /* en */ = {isa = PBXFileReference; lastKnownFileType = text.plist.strings; name = en; path = en.lproj/InfoPlist.strings; sourceTree = "<group>"; };
		2FAA820418F46D880052EA1A /* main.m */ = {isa = PBXFileReference; lastKnownFileType = sourcecode.c.objc; path = main.m; sourceTree = "<group>"; };
		2FAA820618F46D880052EA1A /* GroupVoIp.iOSClient-Prefix.pch */ = {isa = PBXFileReference; lastKnownFileType = sourcecode.c.h; path = "GroupVoIp.iOSClient-Prefix.pch"; sourceTree = "<group>"; };
		2FAA820718F46D880052EA1A /* AppDelegate.h */ = {isa = PBXFileReference; lastKnownFileType = sourcecode.c.h; path = AppDelegate.h; sourceTree = "<group>"; };
		2FAA820818F46D880052EA1A /* AppDelegate.m */ = {isa = PBXFileReference; lastKnownFileType = sourcecode.c.objc; path = AppDelegate.m; sourceTree = "<group>"; };
		2FAA820B18F46D880052EA1A /* Base */ = {isa = PBXFileReference; lastKnownFileType = file.storyboard; name = Base; path = Base.lproj/Main_iPhone.storyboard; sourceTree = "<group>"; };
		2FAA820E18F46D880052EA1A /* Base */ = {isa = PBXFileReference; lastKnownFileType = file.storyboard; name = Base; path = Base.lproj/Main_iPad.storyboard; sourceTree = "<group>"; };
		2FAA821018F46D880052EA1A /* ViewController.h */ = {isa = PBXFileReference; lastKnownFileType = sourcecode.c.h; path = ViewController.h; sourceTree = "<group>"; };
		2FAA821118F46D880052EA1A /* ViewController.m */ = {isa = PBXFileReference; lastKnownFileType = sourcecode.c.objc; path = ViewController.m; sourceTree = "<group>"; };
		2FAA821318F46D880052EA1A /* Images.xcassets */ = {isa = PBXFileReference; lastKnownFileType = folder.assetcatalog; path = Images.xcassets; sourceTree = "<group>"; };
		2FAA821918F46D880052EA1A /* GroupVoIp.iOSClientTests.xctest */ = {isa = PBXFileReference; explicitFileType = wrapper.cfbundle; includeInIndex = 0; path = GroupVoIp.iOSClientTests.xctest; sourceTree = BUILT_PRODUCTS_DIR; };
		2FAA821A18F46D880052EA1A /* XCTest.framework */ = {isa = PBXFileReference; lastKnownFileType = wrapper.framework; name = XCTest.framework; path = Library/Frameworks/XCTest.framework; sourceTree = DEVELOPER_DIR; };
		2FAA822218F46D880052EA1A /* GroupVoIp.iOSClientTests-Info.plist */ = {isa = PBXFileReference; lastKnownFileType = text.plist.xml; path = "GroupVoIp.iOSClientTests-Info.plist"; sourceTree = "<group>"; };
		2FAA822418F46D880052EA1A /* en */ = {isa = PBXFileReference; lastKnownFileType = text.plist.strings; name = en; path = en.lproj/InfoPlist.strings; sourceTree = "<group>"; };
		2FAA822618F46D880052EA1A /* GroupVoIp_iOSClientTests.m */ = {isa = PBXFileReference; lastKnownFileType = sourcecode.c.objc; path = GroupVoIp_iOSClientTests.m; sourceTree = "<group>"; };
		2FAA823018F479BE0052EA1A /* OpenGLES.framework */ = {isa = PBXFileReference; lastKnownFileType = wrapper.framework; name = OpenGLES.framework; path = System/Library/Frameworks/OpenGLES.framework; sourceTree = SDKROOT; };
		2FAA823218F479CB0052EA1A /* QuartzCore.framework */ = {isa = PBXFileReference; lastKnownFileType = wrapper.framework; name = QuartzCore.framework; path = System/Library/Frameworks/QuartzCore.framework; sourceTree = SDKROOT; };
		2FAA823418F47A500052EA1A /* libMobileVLCKit.a */ = {isa = PBXFileReference; lastKnownFileType = archive.ar; name = libMobileVLCKit.a; path = "../../../../vlc-iOS/VLCKit/build/Debug-iphonesimulator/libMobileVLCKit.a"; sourceTree = "<group>"; };
		2FAA823618F47F270052EA1A /* AudioToolbox.framework */ = {isa = PBXFileReference; lastKnownFileType = wrapper.framework; name = AudioToolbox.framework; path = System/Library/Frameworks/AudioToolbox.framework; sourceTree = SDKROOT; };
		2FAA823818F47F300052EA1A /* AudioUnit.framework */ = {isa = PBXFileReference; lastKnownFileType = wrapper.framework; name = AudioUnit.framework; path = System/Library/Frameworks/AudioUnit.framework; sourceTree = SDKROOT; };
		2FAA823A18F47F4F0052EA1A /* CFNetwork.framework */ = {isa = PBXFileReference; lastKnownFileType = wrapper.framework; name = CFNetwork.framework; path = System/Library/Frameworks/CFNetwork.framework; sourceTree = SDKROOT; };
		2FAA823C18F47FB80052EA1A /* libbz2.dylib */ = {isa = PBXFileReference; lastKnownFileType = "compiled.mach-o.dylib"; name = libbz2.dylib; path = usr/lib/libbz2.dylib; sourceTree = SDKROOT; };
		2FAA823E18F47FC30052EA1A /* libiconv.dylib */ = {isa = PBXFileReference; lastKnownFileType = "compiled.mach-o.dylib"; name = libiconv.dylib; path = usr/lib/libiconv.dylib; sourceTree = SDKROOT; };
		2FAA824018F47FD70052EA1A /* libstdc++.dylib */ = {isa = PBXFileReference; lastKnownFileType = "compiled.mach-o.dylib"; name = "libstdc++.dylib"; path = "usr/lib/libstdc++.dylib"; sourceTree = SDKROOT; };
		2FAA824218F482020052EA1A /* CoreText.framework */ = {isa = PBXFileReference; lastKnownFileType = wrapper.framework; name = CoreText.framework; path = System/Library/Frameworks/CoreText.framework; sourceTree = SDKROOT; };
		2FAA824418F482280052EA1A /* Security.framework */ = {isa = PBXFileReference; lastKnownFileType = wrapper.framework; name = Security.framework; path = System/Library/Frameworks/Security.framework; sourceTree = SDKROOT; };
		2FAA824618F4D13F0052EA1A /* MobileVLCKit.xcodeproj */ = {isa = PBXFileReference; lastKnownFileType = "wrapper.pb-project"; name = MobileVLCKit.xcodeproj; path = "../../../../vlc-iOS/VLCKit/MobileVLCKit.xcodeproj"; sourceTree = "<group>"; };
		2FAA825018F4D2DA0052EA1A /* include */ = {isa = PBXFileReference; lastKnownFileType = folder; name = include; path = "../../../../vlc-iOS/VLCKit/MobileVLCKit/ImportedSources/vlc/include"; sourceTree = "<group>"; };
		2FAA825118F4D2DA0052EA1A /* lib */ = {isa = PBXFileReference; lastKnownFileType = folder; name = lib; path = "../../../../vlc-iOS/VLCKit/MobileVLCKit/ImportedSources/vlc/lib"; sourceTree = "<group>"; };
		2FAA825218F4D2DA0052EA1A /* modules */ = {isa = PBXFileReference; lastKnownFileType = folder; name = modules; path = "../../../../vlc-iOS/VLCKit/MobileVLCKit/ImportedSources/vlc/modules"; sourceTree = "<group>"; };
		2FAA825318F4D2DA0052EA1A /* src */ = {isa = PBXFileReference; lastKnownFileType = folder; name = src; path = "../../../../vlc-iOS/VLCKit/MobileVLCKit/ImportedSources/vlc/src"; sourceTree = "<group>"; };
/* End PBXFileReference section */

/* Begin PBXFrameworksBuildPhase section */
		2FAA81F218F46D880052EA1A /* Frameworks */ = {
			isa = PBXFrameworksBuildPhase;
			buildActionMask = 2147483647;
			files = (
				2FAA824518F482280052EA1A /* Security.framework in Frameworks */,
				2FAA81FB18F46D880052EA1A /* CoreGraphics.framework in Frameworks */,
				2FAA823318F479CB0052EA1A /* QuartzCore.framework in Frameworks */,
				2FAA824118F47FD70052EA1A /* libstdc++.dylib in Frameworks */,
				2FAA823F18F47FC30052EA1A /* libiconv.dylib in Frameworks */,
				2FAA823D18F47FB80052EA1A /* libbz2.dylib in Frameworks */,
				2FAA824318F482020052EA1A /* CoreText.framework in Frameworks */,
				2FAA823B18F47F4F0052EA1A /* CFNetwork.framework in Frameworks */,
				2FAA823118F479BE0052EA1A /* OpenGLES.framework in Frameworks */,
				2FAA823718F47F270052EA1A /* AudioToolbox.framework in Frameworks */,
				2FAA81FD18F46D880052EA1A /* UIKit.framework in Frameworks */,
				2FAA81F918F46D880052EA1A /* Foundation.framework in Frameworks */,
				2FAA824D18F4D1890052EA1A /* libMobileVLCKit.a in Frameworks */,
			);
			runOnlyForDeploymentPostprocessing = 0;
		};
		2FAA821618F46D880052EA1A /* Frameworks */ = {
			isa = PBXFrameworksBuildPhase;
			buildActionMask = 2147483647;
			files = (
				2FAA821B18F46D880052EA1A /* XCTest.framework in Frameworks */,
				2FAA821D18F46D880052EA1A /* UIKit.framework in Frameworks */,
				2FAA821C18F46D880052EA1A /* Foundation.framework in Frameworks */,
			);
			runOnlyForDeploymentPostprocessing = 0;
		};
/* End PBXFrameworksBuildPhase section */

/* Begin PBXGroup section */
		2FAA81EC18F46D880052EA1A = {
			isa = PBXGroup;
			children = (
				2FAA824E18F4D1A80052EA1A /* vlc-source */,
				2FAA824618F4D13F0052EA1A /* MobileVLCKit.xcodeproj */,
				2FAA81FE18F46D880052EA1A /* GroupVoIp.iOSClient */,
				2FAA822018F46D880052EA1A /* GroupVoIp.iOSClientTests */,
				2FAA81F718F46D880052EA1A /* Frameworks */,
				2FAA81F618F46D880052EA1A /* Products */,
			);
			sourceTree = "<group>";
		};
		2FAA81F618F46D880052EA1A /* Products */ = {
			isa = PBXGroup;
			children = (
				2FAA81F518F46D880052EA1A /* GroupVoIp.iOSClient.app */,
				2FAA821918F46D880052EA1A /* GroupVoIp.iOSClientTests.xctest */,
			);
			name = Products;
			sourceTree = "<group>";
		};
		2FAA81F718F46D880052EA1A /* Frameworks */ = {
			isa = PBXGroup;
			children = (
				2FAA824418F482280052EA1A /* Security.framework */,
				2FAA824218F482020052EA1A /* CoreText.framework */,
				2FAA824018F47FD70052EA1A /* libstdc++.dylib */,
				2FAA823E18F47FC30052EA1A /* libiconv.dylib */,
				2FAA823C18F47FB80052EA1A /* libbz2.dylib */,
				2FAA823A18F47F4F0052EA1A /* CFNetwork.framework */,
				2FAA823818F47F300052EA1A /* AudioUnit.framework */,
				2FAA823618F47F270052EA1A /* AudioToolbox.framework */,
				2FAA823418F47A500052EA1A /* libMobileVLCKit.a */,
				2FAA823218F479CB0052EA1A /* QuartzCore.framework */,
				2FAA823018F479BE0052EA1A /* OpenGLES.framework */,
				2FAA81F818F46D880052EA1A /* Foundation.framework */,
				2FAA81FA18F46D880052EA1A /* CoreGraphics.framework */,
				2FAA81FC18F46D880052EA1A /* UIKit.framework */,
				2FAA821A18F46D880052EA1A /* XCTest.framework */,
			);
			name = Frameworks;
			sourceTree = "<group>";
		};
		2FAA81FE18F46D880052EA1A /* GroupVoIp.iOSClient */ = {
			isa = PBXGroup;
			children = (
				2FAA820718F46D880052EA1A /* AppDelegate.h */,
				2FAA820818F46D880052EA1A /* AppDelegate.m */,
				2FAA820A18F46D880052EA1A /* Main_iPhone.storyboard */,
				2FAA820D18F46D880052EA1A /* Main_iPad.storyboard */,
				2FAA821018F46D880052EA1A /* ViewController.h */,
				2FAA821118F46D880052EA1A /* ViewController.m */,
				2FAA821318F46D880052EA1A /* Images.xcassets */,
				2FAA81FF18F46D880052EA1A /* Supporting Files */,
			);
			path = GroupVoIp.iOSClient;
			sourceTree = "<group>";
		};
		2FAA81FF18F46D880052EA1A /* Supporting Files */ = {
			isa = PBXGroup;
			children = (
				2FAA820018F46D880052EA1A /* GroupVoIp.iOSClient-Info.plist */,
				2FAA820118F46D880052EA1A /* InfoPlist.strings */,
				2FAA820418F46D880052EA1A /* main.m */,
				2FAA820618F46D880052EA1A /* GroupVoIp.iOSClient-Prefix.pch */,
			);
			name = "Supporting Files";
			sourceTree = "<group>";
		};
		2FAA822018F46D880052EA1A /* GroupVoIp.iOSClientTests */ = {
			isa = PBXGroup;
			children = (
				2FAA822618F46D880052EA1A /* GroupVoIp_iOSClientTests.m */,
				2FAA822118F46D880052EA1A /* Supporting Files */,
			);
			path = GroupVoIp.iOSClientTests;
			sourceTree = "<group>";
		};
		2FAA822118F46D880052EA1A /* Supporting Files */ = {
			isa = PBXGroup;
			children = (
				2FAA822218F46D880052EA1A /* GroupVoIp.iOSClientTests-Info.plist */,
				2FAA822318F46D880052EA1A /* InfoPlist.strings */,
			);
			name = "Supporting Files";
			sourceTree = "<group>";
		};
		2FAA824718F4D13F0052EA1A /* Products */ = {
			isa = PBXGroup;
			children = (
				2FAA824C18F4D13F0052EA1A /* libMobileVLCKit.a */,
			);
			name = Products;
			sourceTree = "<group>";
		};
		2FAA824E18F4D1A80052EA1A /* vlc-source */ = {
			isa = PBXGroup;
			children = (
				2FAA824F18F4D1CA0052EA1A /* vlc */,
			);
			name = "vlc-source";
			sourceTree = "<group>";
		};
		2FAA824F18F4D1CA0052EA1A /* vlc */ = {
			isa = PBXGroup;
			children = (
				2F8B7C0218F5D31C00AA289C /* contrib */,
				2FAA825018F4D2DA0052EA1A /* include */,
				2FAA825118F4D2DA0052EA1A /* lib */,
				2FAA825218F4D2DA0052EA1A /* modules */,
				2FAA825318F4D2DA0052EA1A /* src */,
			);
			name = vlc;
			sourceTree = "<group>";
		};
/* End PBXGroup section */

/* Begin PBXNativeTarget section */
		2FAA81F418F46D880052EA1A /* GroupVoIp.iOSClient */ = {
			isa = PBXNativeTarget;
			buildConfigurationList = 2FAA822A18F46D880052EA1A /* Build configuration list for PBXNativeTarget "GroupVoIp.iOSClient" */;
			buildPhases = (
				2FAA81F118F46D880052EA1A /* Sources */,
				2FAA81F218F46D880052EA1A /* Frameworks */,
				2FAA81F318F46D880052EA1A /* Resources */,
			);
			buildRules = (
			);
			dependencies = (
			);
			name = GroupVoIp.iOSClient;
			productName = GroupVoIp.iOSClient;
			productReference = 2FAA81F518F46D880052EA1A /* GroupVoIp.iOSClient.app */;
			productType = "com.apple.product-type.application";
		};
		2FAA821818F46D880052EA1A /* GroupVoIp.iOSClientTests */ = {
			isa = PBXNativeTarget;
			buildConfigurationList = 2FAA822D18F46D880052EA1A /* Build configuration list for PBXNativeTarget "GroupVoIp.iOSClientTests" */;
			buildPhases = (
				2FAA821518F46D880052EA1A /* Sources */,
				2FAA821618F46D880052EA1A /* Frameworks */,
				2FAA821718F46D880052EA1A /* Resources */,
			);
			buildRules = (
			);
			dependencies = (
				2FAA821F18F46D880052EA1A /* PBXTargetDependency */,
			);
			name = GroupVoIp.iOSClientTests;
			productName = GroupVoIp.iOSClientTests;
			productReference = 2FAA821918F46D880052EA1A /* GroupVoIp.iOSClientTests.xctest */;
			productType = "com.apple.product-type.bundle.unit-test";
		};
/* End PBXNativeTarget section */

/* Begin PBXProject section */
		2FAA81ED18F46D880052EA1A /* Project object */ = {
			isa = PBXProject;
			attributes = {
				LastUpgradeCheck = 0510;
				ORGANIZATIONNAME = "Howard Wang";
				TargetAttributes = {
					2FAA821818F46D880052EA1A = {
						TestTargetID = 2FAA81F418F46D880052EA1A;
					};
				};
			};
			buildConfigurationList = 2FAA81F018F46D880052EA1A /* Build configuration list for PBXProject "GroupVoIp.iOSClient" */;
			compatibilityVersion = "Xcode 3.2";
			developmentRegion = English;
			hasScannedForEncodings = 0;
			knownRegions = (
				en,
				Base,
			);
			mainGroup = 2FAA81EC18F46D880052EA1A;
			productRefGroup = 2FAA81F618F46D880052EA1A /* Products */;
			projectDirPath = "";
			projectReferences = (
				{
					ProductGroup = 2FAA824718F4D13F0052EA1A /* Products */;
					ProjectRef = 2FAA824618F4D13F0052EA1A /* MobileVLCKit.xcodeproj */;
				},
			);
			projectRoot = "";
			targets = (
				2FAA81F418F46D880052EA1A /* GroupVoIp.iOSClient */,
				2FAA821818F46D880052EA1A /* GroupVoIp.iOSClientTests */,
			);
		};
/* End PBXProject section */

/* Begin PBXReferenceProxy section */
		2FAA824C18F4D13F0052EA1A /* libMobileVLCKit.a */ = {
			isa = PBXReferenceProxy;
			fileType = archive.ar;
			path = libMobileVLCKit.a;
			remoteRef = 2FAA824B18F4D13F0052EA1A /* PBXContainerItemProxy */;
			sourceTree = BUILT_PRODUCTS_DIR;
		};
/* End PBXReferenceProxy section */

/* Begin PBXResourcesBuildPhase section */
		2FAA81F318F46D880052EA1A /* Resources */ = {
			isa = PBXResourcesBuildPhase;
			buildActionMask = 2147483647;
			files = (
				2FAA825518F4D2DA0052EA1A /* lib in Resources */,
				2FAA820F18F46D880052EA1A /* Main_iPad.storyboard in Resources */,
				2FAA821418F46D880052EA1A /* Images.xcassets in Resources */,
				2FAA825718F4D2DA0052EA1A /* src in Resources */,
				2FAA820C18F46D880052EA1A /* Main_iPhone.storyboard in Resources */,
				2FAA825418F4D2DA0052EA1A /* include in Resources */,
				2F8B7C0318F5D31C00AA289C /* contrib in Resources */,
				2FAA820318F46D880052EA1A /* InfoPlist.strings in Resources */,
				2FAA825618F4D2DA0052EA1A /* modules in Resources */,
			);
			runOnlyForDeploymentPostprocessing = 0;
		};
		2FAA821718F46D880052EA1A /* Resources */ = {
			isa = PBXResourcesBuildPhase;
			buildActionMask = 2147483647;
			files = (
				2FAA822518F46D880052EA1A /* InfoPlist.strings in Resources */,
			);
			runOnlyForDeploymentPostprocessing = 0;
		};
/* End PBXResourcesBuildPhase section */

/* Begin PBXSourcesBuildPhase section */
		2FAA81F118F46D880052EA1A /* Sources */ = {
			isa = PBXSourcesBuildPhase;
			buildActionMask = 2147483647;
			files = (
				2FAA821218F46D880052EA1A /* ViewController.m in Sources */,
				2FAA820918F46D880052EA1A /* AppDelegate.m in Sources */,
				2FAA820518F46D880052EA1A /* main.m in Sources */,
			);
			runOnlyForDeploymentPostprocessing = 0;
		};
		2FAA821518F46D880052EA1A /* Sources */ = {
			isa = PBXSourcesBuildPhase;
			buildActionMask = 2147483647;
			files = (
				2FAA822718F46D880052EA1A /* GroupVoIp_iOSClientTests.m in Sources */,
			);
			runOnlyForDeploymentPostprocessing = 0;
		};
/* End PBXSourcesBuildPhase section */

/* Begin PBXTargetDependency section */
		2FAA821F18F46D880052EA1A /* PBXTargetDependency */ = {
			isa = PBXTargetDependency;
			target = 2FAA81F418F46D880052EA1A /* GroupVoIp.iOSClient */;
			targetProxy = 2FAA821E18F46D880052EA1A /* PBXContainerItemProxy */;
		};
/* End PBXTargetDependency section */

/* Begin PBXVariantGroup section */
		2FAA820118F46D880052EA1A /* InfoPlist.strings */ = {
			isa = PBXVariantGroup;
			children = (
				2FAA820218F46D880052EA1A /* en */,
			);
			name = InfoPlist.strings;
			sourceTree = "<group>";
		};
		2FAA820A18F46D880052EA1A /* Main_iPhone.storyboard */ = {
			isa = PBXVariantGroup;
			children = (
				2FAA820B18F46D880052EA1A /* Base */,
			);
			name = Main_iPhone.storyboard;
			sourceTree = "<group>";
		};
		2FAA820D18F46D880052EA1A /* Main_iPad.storyboard */ = {
			isa = PBXVariantGroup;
			children = (
				2FAA820E18F46D880052EA1A /* Base */,
			);
			name = Main_iPad.storyboard;
			sourceTree = "<group>";
		};
		2FAA822318F46D880052EA1A /* InfoPlist.strings */ = {
			isa = PBXVariantGroup;
			children = (
				2FAA822418F46D880052EA1A /* en */,
			);
			name = InfoPlist.strings;
			sourceTree = "<group>";
		};
/* End PBXVariantGroup section */

/* Begin XCBuildConfiguration section */
		2FAA822818F46D880052EA1A /* Debug */ = {
			isa = XCBuildConfiguration;
			buildSettings = {
				ALWAYS_SEARCH_USER_PATHS = NO;
				CLANG_CXX_LANGUAGE_STANDARD = "gnu++0x";
				CLANG_CXX_LIBRARY = "libc++";
				CLANG_ENABLE_MODULES = YES;
				CLANG_ENABLE_OBJC_ARC = YES;
				CLANG_WARN_BOOL_CONVERSION = YES;
				CLANG_WARN_CONSTANT_CONVERSION = YES;
				CLANG_WARN_DIRECT_OBJC_ISA_USAGE = YES_ERROR;
				CLANG_WARN_EMPTY_BODY = YES;
				CLANG_WARN_ENUM_CONVERSION = YES;
				CLANG_WARN_INT_CONVERSION = YES;
				CLANG_WARN_OBJC_ROOT_CLASS = YES_ERROR;
				CLANG_WARN__DUPLICATE_METHOD_MATCH = YES;
				"CODE_SIGN_IDENTITY[sdk=iphoneos*]" = "iPhone Developer";
				COPY_PHASE_STRIP = NO;
				GCC_C_LANGUAGE_STANDARD = gnu99;
				GCC_DYNAMIC_NO_PIC = NO;
				GCC_OPTIMIZATION_LEVEL = 0;
				GCC_PREPROCESSOR_DEFINITIONS = (
					"DEBUG=1",
					"$(inherited)",
				);
				GCC_SYMBOLS_PRIVATE_EXTERN = NO;
				GCC_WARN_64_TO_32_BIT_CONVERSION = YES;
				GCC_WARN_ABOUT_RETURN_TYPE = YES_ERROR;
				GCC_WARN_UNDECLARED_SELECTOR = YES;
				GCC_WARN_UNINITIALIZED_AUTOS = YES_AGGRESSIVE;
				GCC_WARN_UNUSED_FUNCTION = YES;
				GCC_WARN_UNUSED_VARIABLE = YES;
				IPHONEOS_DEPLOYMENT_TARGET = 7.1;
				ONLY_ACTIVE_ARCH = YES;
				SDKROOT = iphoneos;
				TARGETED_DEVICE_FAMILY = "1,2";
			};
			name = Debug;
		};
		2FAA822918F46D880052EA1A /* Release */ = {
			isa = XCBuildConfiguration;
			buildSettings = {
				ALWAYS_SEARCH_USER_PATHS = NO;
				CLANG_CXX_LANGUAGE_STANDARD = "gnu++0x";
				CLANG_CXX_LIBRARY = "libc++";
				CLANG_ENABLE_MODULES = YES;
				CLANG_ENABLE_OBJC_ARC = YES;
				CLANG_WARN_BOOL_CONVERSION = YES;
				CLANG_WARN_CONSTANT_CONVERSION = YES;
				CLANG_WARN_DIRECT_OBJC_ISA_USAGE = YES_ERROR;
				CLANG_WARN_EMPTY_BODY = YES;
				CLANG_WARN_ENUM_CONVERSION = YES;
				CLANG_WARN_INT_CONVERSION = YES;
				CLANG_WARN_OBJC_ROOT_CLASS = YES_ERROR;
				CLANG_WARN__DUPLICATE_METHOD_MATCH = YES;
				"CODE_SIGN_IDENTITY[sdk=iphoneos*]" = "iPhone Developer";
				COPY_PHASE_STRIP = YES;
				ENABLE_NS_ASSERTIONS = NO;
				GCC_C_LANGUAGE_STANDARD = gnu99;
				GCC_WARN_64_TO_32_BIT_CONVERSION = YES;
				GCC_WARN_ABOUT_RETURN_TYPE = YES_ERROR;
				GCC_WARN_UNDECLARED_SELECTOR = YES;
				GCC_WARN_UNINITIALIZED_AUTOS = YES_AGGRESSIVE;
				GCC_WARN_UNUSED_FUNCTION = YES;
				GCC_WARN_UNUSED_VARIABLE = YES;
				IPHONEOS_DEPLOYMENT_TARGET = 7.1;
				SDKROOT = iphoneos;
				TARGETED_DEVICE_FAMILY = "1,2";
				VALIDATE_PRODUCT = YES;
			};
			name = Release;
		};
		2FAA822B18F46D880052EA1A /* Debug */ = {
			isa = XCBuildConfiguration;
			buildSettings = {
				ASSETCATALOG_COMPILER_APPICON_NAME = AppIcon;
				ASSETCATALOG_COMPILER_LAUNCHIMAGE_NAME = LaunchImage;
				CLANG_CXX_LIBRARY = "libc++";
				GCC_PRECOMPILE_PREFIX_HEADER = YES;
				GCC_PREFIX_HEADER = "GroupVoIp.iOSClient/GroupVoIp.iOSClient-Prefix.pch";
				HEADER_SEARCH_PATHS = (
					"$(inherited)",
					"/Users/wminghao/Develop/vlc-iOS/VLCKit/build/Debug-iphonesimulator/include/",
					/Applications/Xcode.app/Contents/Developer/Toolchains/XcodeDefault.xctoolchain/usr/include,
				);
				INFOPLIST_FILE = "GroupVoIp.iOSClient/GroupVoIp.iOSClient-Info.plist";
				IPHONEOS_DEPLOYMENT_TARGET = 6.1;
				LIBRARY_SEARCH_PATHS = (
					"$(inherited)",
					"/Users/wminghao/Develop/vlc-iOS/VLCKit/build/Debug-iphonesimulator",
				);
				PRODUCT_NAME = "$(TARGET_NAME)";
				WRAPPER_EXTENSION = app;
				test = "";
			};
			name = Debug;
		};
		2FAA822C18F46D880052EA1A /* Release */ = {
			isa = XCBuildConfiguration;
			buildSettings = {
				ASSETCATALOG_COMPILER_APPICON_NAME = AppIcon;
				ASSETCATALOG_COMPILER_LAUNCHIMAGE_NAME = LaunchImage;
				CLANG_CXX_LIBRARY = "libc++";
				GCC_PRECOMPILE_PREFIX_HEADER = YES;
				GCC_PREFIX_HEADER = "GroupVoIp.iOSClient/GroupVoIp.iOSClient-Prefix.pch";
				HEADER_SEARCH_PATHS = (
					"$(inherited)",
					"/Users/wminghao/Develop/vlc-iOS/VLCKit/build/Debug-iphonesimulator/include/",
					/Applications/Xcode.app/Contents/Developer/Toolchains/XcodeDefault.xctoolchain/usr/include,
				);
				INFOPLIST_FILE = "GroupVoIp.iOSClient/GroupVoIp.iOSClient-Info.plist";
				IPHONEOS_DEPLOYMENT_TARGET = 6.1;
				LIBRARY_SEARCH_PATHS = (
					"$(inherited)",
					"/Users/wminghao/Develop/vlc-iOS/VLCKit/build/Debug-iphonesimulator",
				);
				PRODUCT_NAME = "$(TARGET_NAME)";
				WRAPPER_EXTENSION = app;
				test = "";
			};
			name = Release;
		};
		2FAA822E18F46D880052EA1A /* Debug */ = {
			isa = XCBuildConfiguration;
			buildSettings = {
				BUNDLE_LOADER = "$(BUILT_PRODUCTS_DIR)/GroupVoIp.iOSClient.app/GroupVoIp.iOSClient";
				FRAMEWORK_SEARCH_PATHS = (
					"$(SDKROOT)/Developer/Library/Frameworks",
					"$(inherited)",
					"$(DEVELOPER_FRAMEWORKS_DIR)",
				);
				GCC_PRECOMPILE_PREFIX_HEADER = YES;
				GCC_PREFIX_HEADER = "GroupVoIp.iOSClient/GroupVoIp.iOSClient-Prefix.pch";
				GCC_PREPROCESSOR_DEFINITIONS = (
					"DEBUG=1",
					"$(inherited)",
				);
				INFOPLIST_FILE = "GroupVoIp.iOSClientTests/GroupVoIp.iOSClientTests-Info.plist";
				PRODUCT_NAME = "$(TARGET_NAME)";
				TEST_HOST = "$(BUNDLE_LOADER)";
				WRAPPER_EXTENSION = xctest;
			};
			name = Debug;
		};
		2FAA822F18F46D880052EA1A /* Release */ = {
			isa = XCBuildConfiguration;
			buildSettings = {
				BUNDLE_LOADER = "$(BUILT_PRODUCTS_DIR)/GroupVoIp.iOSClient.app/GroupVoIp.iOSClient";
				FRAMEWORK_SEARCH_PATHS = (
					"$(SDKROOT)/Developer/Library/Frameworks",
					"$(inherited)",
					"$(DEVELOPER_FRAMEWORKS_DIR)",
				);
				GCC_PRECOMPILE_PREFIX_HEADER = YES;
				GCC_PREFIX_HEADER = "GroupVoIp.iOSClient/GroupVoIp.iOSClient-Prefix.pch";
				INFOPLIST_FILE = "GroupVoIp.iOSClientTests/GroupVoIp.iOSClientTests-Info.plist";
				PRODUCT_NAME = "$(TARGET_NAME)";
				TEST_HOST = "$(BUNDLE_LOADER)";
				WRAPPER_EXTENSION = xctest;
			};
			name = Release;
		};
/* End XCBuildConfiguration section */

/* Begin XCConfigurationList section */
		2FAA81F018F46D880052EA1A /* Build configuration list for PBXProject "GroupVoIp.iOSClient" */ = {
			isa = XCConfigurationList;
			buildConfigurations = (
				2FAA822818F46D880052EA1A /* Debug */,
				2FAA822918F46D880052EA1A /* Release */,
			);
			defaultConfigurationIsVisible = 0;
			defaultConfigurationName = Release;
		};
		2FAA822A18F46D880052EA1A /* Build configuration list for PBXNativeTarget "GroupVoIp.iOSClient" */ = {
			isa = XCConfigurationList;
			buildConfigurations = (
				2FAA822B18F46D880052EA1A /* Debug */,
				2FAA822C18F46D880052EA1A /* Release */,
			);
			defaultConfigurationIsVisible = 0;
			defaultConfigurationName = Release;
		};
		2FAA822D18F46D880052EA1A /* Build configuration list for PBXNativeTarget "GroupVoIp.iOSClientTests" */ = {
			isa = XCConfigurationList;
			buildConfigurations = (
				2FAA822E18F46D880052EA1A /* Debug */,
				2FAA822F18F46D880052EA1A /* Release */,
			);
			defaultConfigurationIsVisible = 0;
			defaultConfigurationName = Release;
		};
/* End XCConfigurationList section */
	};
	rootObject = 2FAA81ED18F46D880052EA1A /* Project object */;
}
